
Microsoft Visual Studio Solution File, Format Version 11.00
# Visual Studio 2010
Project("{FAE04EC0-301F-11D3-BF4B-00C04F79EFBC}") = "MechSuit VR (1) (1)", "Assembly-CSharp.csproj", "{4509FA37-7EAA-BEED-40AA-796E98491851}"
EndProject
Project("{FAE04EC0-301F-11D3-BF4B-00C04F79EFBC}") = "MechSuit VR (1) (1)", "Assembly-CSharp-Editor.csproj", "{6A7107FB-A1AA-8CC3-1A58-39F7ADF0CE6B}"
EndProject
Global
	GlobalSection(SolutionConfigurationPlatforms) = preSolution
		Debug|Any CPU = Debug|Any CPU
		Release|Any CPU = Release|Any CPU
	EndGlobalSection
	GlobalSection(ProjectConfigurationPlatforms) = postSolution
		{4509FA37-7EAA-BEED-40AA-796E98491851}.Debug|Any CPU.ActiveCfg = Debug|Any CPU
		{4509FA37-7EAA-BEED-40AA-796E98491851}.Debug|Any CPU.Build.0 = Debug|Any CPU
		{4509FA37-7EAA-BEED-40AA-796E98491851}.Release|Any CPU.ActiveCfg = Release|Any CPU
		{4509FA37-7EAA-BEED-40AA-796E98491851}.Release|Any CPU.Build.0 = Release|Any CPU
		{6A7107FB-A1AA-8CC3-1A58-39F7ADF0CE6B}.Debug|Any CPU.ActiveCfg = Debug|Any CPU
		{6A7107FB-A1AA-8CC3-1A58-39F7ADF0CE6B}.Debug|Any CPU.Build.0 = Debug|Any CPU
		{6A7107FB-A1AA-8CC3-1A58-39F7ADF0CE6B}.Release|Any CPU.ActiveCfg = Release|Any CPU
		{6A7107FB-A1AA-8CC3-1A58-39F7ADF0CE6B}.Release|Any CPU.Build.0 = Release|Any CPU
	EndGlobalSection
	GlobalSection(SolutionProperties) = preSolution
		HideSolutionNode = FALSE
	EndGlobalSection
	GlobalSection(MonoDevelopProperties) = preSolution
		StartupItem = Assembly-CSharp.csproj
	EndGlobalSection
EndGlobal
